// !$*UTF8*$!
{
	archiveVersion = 1;
	classes = {
	};
	objectVersion = 77;
	objects = {

/* Begin PBXBuildFile section */
		770F11EB2E62DF80004D78C8 /* ThemeManager.swift in Sources */ = {isa = PBXBuildFile; fileRef = 770F11EA2E62DF6F004D78C8 /* ThemeManager.swift */; };
		770F11ED2E62DFBA004D78C8 /* ThemedModifiers.swift in Sources */ = {isa = PBXBuildFile; fileRef = 770F11EC2E62DFB4004D78C8 /* ThemedModifiers.swift */; };
		770F11EF2E62E092004D78C8 /* ThemedCard.swift in Sources */ = {isa = PBXBuildFile; fileRef = 770F11EE2E62E083004D78C8 /* ThemedCard.swift */; };
		770F11F12E62E314004D78C8 /* SettingsRow.swift in Sources */ = {isa = PBXBuildFile; fileRef = 770F11F02E62E300004D78C8 /* SettingsRow.swift */; };
		770F11F62E676213004D78C8 /* Contact.swift in Sources */ = {isa = PBXBuildFile; fileRef = 770F11F52E6761FA004D78C8 /* Contact.swift */; };
		770F11FF2E67648B004D78C8 /* ContactsService.swift in Sources */ = {isa = PBXBuildFile; fileRef = 770F11FE2E67647D004D78C8 /* ContactsService.swift */; };
		770F12012E677021004D78C8 /* BackgroundColorConfigView.swift in Sources */ = {isa = PBXBuildFile; fileRef = 770F12002E676FF2004D78C8 /* BackgroundColorConfigView.swift */; };
		770F12032E677113004D78C8 /* ThemePersistence.swift in Sources */ = {isa = PBXBuildFile; fileRef = 770F12022E677104004D78C8 /* ThemePersistence.swift */; };
		770F12182E677FDA004D78C8 /* SettingsOptionRow.swift in Sources */ = {isa = PBXBuildFile; fileRef = 770F12172E677FD4004D78C8 /* SettingsOptionRow.swift */; };
		770F121A2E678229004D78C8 /* ThemedHeader.swift in Sources */ = {isa = PBXBuildFile; fileRef = 770F12192E678220004D78C8 /* ThemedHeader.swift */; };
		770F121C2E6782FD004D78C8 /* BannerView.swift in Sources */ = {isa = PBXBuildFile; fileRef = 770F121B2E6782F7004D78C8 /* BannerView.swift */; };
		770F121E2E6A2133004D78C8 /* ThemedHeaderTitle.swift in Sources */ = {isa = PBXBuildFile; fileRef = 770F121D2E6A2126004D78C8 /* ThemedHeaderTitle.swift */; };
		770F12262E6B5AD8004D78C8 /* ColoredSlider.swift in Sources */ = {isa = PBXBuildFile; fileRef = 770F12252E6B5ACA004D78C8 /* ColoredSlider.swift */; };
		770F12282E6B61A2004D78C8 /* AppContainerView.swift in Sources */ = {isa = PBXBuildFile; fileRef = 770F12272E6B619C004D78C8 /* AppContainerView.swift */; };
		770F122A2E6B7FE9004D78C8 /* NavigationCoordinator.swift in Sources */ = {isa = PBXBuildFile; fileRef = 770F12292E6B7FD0004D78C8 /* NavigationCoordinator.swift */; };
		771403762E7087660007B9DE /* ThemeDefautlView.swift in Sources */ = {isa = PBXBuildFile; fileRef = 771403752E70875B0007B9DE /* ThemeDefautlView.swift */; };
		7714038F2E71F13F0007B9DE /* Theme.swift in Sources */ = {isa = PBXBuildFile; fileRef = 7714038E2E71F13F0007B9DE /* Theme.swift */; };
		771403912E74BA020007B9DE /* ThemeOverrideDiskStore.swift in Sources */ = {isa = PBXBuildFile; fileRef = 771403902E74B9F50007B9DE /* ThemeOverrideDiskStore.swift */; };
		77350EC32E624C0E00491B6D /* ThemeStyles.swift in Sources */ = {isa = PBXBuildFile; fileRef = 77350EC22E624BFE00491B6D /* ThemeStyles.swift */; };
		77350EC52E624DF500491B6D /* ThemeConfigView.swift in Sources */ = {isa = PBXBuildFile; fileRef = 77350EC42E624DDF00491B6D /* ThemeConfigView.swift */; };
		77350ECB2E62674300491B6D /* SettingsMenuView.swift in Sources */ = {isa = PBXBuildFile; fileRef = 77350ECA2E62673400491B6D /* SettingsMenuView.swift */; };
		77350ECF2E626B3400491B6D /* ThemedBottomBar.swift in Sources */ = {isa = PBXBuildFile; fileRef = 77350ECE2E626B2D00491B6D /* ThemedBottomBar.swift */; };
		77855A272E620F7900B5B80F /* SettingsView.swift in Sources */ = {isa = PBXBuildFile; fileRef = 77855A182E620F7900B5B80F /* SettingsView.swift */; };
		77855A282E620F7900B5B80F /* ShareViewModel.swift in Sources */ = {isa = PBXBuildFile; fileRef = 77855A1C2E620F7900B5B80F /* ShareViewModel.swift */; };
		77855A292E620F7900B5B80F /* VaultViewModel.swift in Sources */ = {isa = PBXBuildFile; fileRef = 77855A1F2E620F7900B5B80F /* VaultViewModel.swift */; };
		77855A2B2E620F7900B5B80F /* StorageService.swift in Sources */ = {isa = PBXBuildFile; fileRef = 77855A0E2E620F7900B5B80F /* StorageService.swift */; };
		77855A2C2E620F7900B5B80F /* OnboardingViewModel.swift in Sources */ = {isa = PBXBuildFile; fileRef = 77855A162E620F7900B5B80F /* OnboardingViewModel.swift */; };
		77855A2D2E620F7900B5B80F /* PrimaryButton.swift in Sources */ = {isa = PBXBuildFile; fileRef = 77855A232E620F7900B5B80F /* PrimaryButton.swift */; };
		77855A2E2E620F7900B5B80F /* HomeViewModel.swift in Sources */ = {isa = PBXBuildFile; fileRef = 77855A132E620F7900B5B80F /* HomeViewModel.swift */; };
		77855A2F2E620F7900B5B80F /* OnboardingView.swift in Sources */ = {isa = PBXBuildFile; fileRef = 77855A152E620F7900B5B80F /* OnboardingView.swift */; };
		77855A302E620F7900B5B80F /* Asset.swift in Sources */ = {isa = PBXBuildFile; fileRef = 77855A0C2E620F7900B5B80F /* Asset.swift */; };
		77855A312E620F7900B5B80F /* HomeView.swift in Sources */ = {isa = PBXBuildFile; fileRef = 77855A122E620F7900B5B80F /* HomeView.swift */; };
		77855A322E620F7900B5B80F /* AetherionApp.swift in Sources */ = {isa = PBXBuildFile; fileRef = 77855A0A2E620F7900B5B80F /* AetherionApp.swift */; };
		77855A332E620F7900B5B80F /* VaultView.swift in Sources */ = {isa = PBXBuildFile; fileRef = 77855A1E2E620F7900B5B80F /* VaultView.swift */; };
		77855A342E620F7900B5B80F /* ShareView.swift in Sources */ = {isa = PBXBuildFile; fileRef = 77855A1B2E620F7900B5B80F /* ShareView.swift */; };
		77855A562E6228AF00B5B80F /* Localizable.strings in Resources */ = {isa = PBXBuildFile; fileRef = 77855A522E6228AF00B5B80F /* Localizable.strings */; };
		77855A572E6228AF00B5B80F /* Assets.xcassets in Resources */ = {isa = PBXBuildFile; fileRef = 77855A542E6228AF00B5B80F /* Assets.xcassets */; };
		77855A592E622F0800B5B80F /* DashboardViewModel.swift in Sources */ = {isa = PBXBuildFile; fileRef = 77855A582E622ED500B5B80F /* DashboardViewModel.swift */; };
		77855A5B2E622F2F00B5B80F /* DashboardView.swift in Sources */ = {isa = PBXBuildFile; fileRef = 77855A5A2E622F1F00B5B80F /* DashboardView.swift */; };
		77A2FC622E6D6FB1005735FF /* FontCoding.swift in Sources */ = {isa = PBXBuildFile; fileRef = 77A2FC612E6D6FAA005735FF /* FontCoding.swift */; };
		77A2FC682E6D726C005735FF /* ThemeCatalog+List.swift in Sources */ = {isa = PBXBuildFile; fileRef = 77A2FC672E6D7269005735FF /* ThemeCatalog+List.swift */; };
		77A36CCF2E60F04B005C2D20 /* ZIPFoundation in Frameworks */ = {isa = PBXBuildFile; productRef = 77A36CCE2E60F04B005C2D20 /* ZIPFoundation */; };
		77A36CD22E60F057005C2D20 /* Algorithms in Frameworks */ = {isa = PBXBuildFile; productRef = 77A36CD12E60F057005C2D20 /* Algorithms */; };
		77F2F0C12E6290BC00B7D5FF /* AeTheme.swift in Sources */ = {isa = PBXBuildFile; fileRef = 77F2F0C02E6290A700B7D5FF /* AeTheme.swift */; };
/* End PBXBuildFile section */

/* Begin PBXFileReference section */
		770F11EA2E62DF6F004D78C8 /* ThemeManager.swift */ = {isa = PBXFileReference; lastKnownFileType = sourcecode.swift; path = ThemeManager.swift; sourceTree = "<group>"; };
		770F11EC2E62DFB4004D78C8 /* ThemedModifiers.swift */ = {isa = PBXFileReference; lastKnownFileType = sourcecode.swift; path = ThemedModifiers.swift; sourceTree = "<group>"; };
		770F11EE2E62E083004D78C8 /* ThemedCard.swift */ = {isa = PBXFileReference; lastKnownFileType = sourcecode.swift; path = ThemedCard.swift; sourceTree = "<group>"; };
		770F11F02E62E300004D78C8 /* SettingsRow.swift */ = {isa = PBXFileReference; lastKnownFileType = sourcecode.swift; path = SettingsRow.swift; sourceTree = "<group>"; };
		770F11F52E6761FA004D78C8 /* Contact.swift */ = {isa = PBXFileReference; lastKnownFileType = sourcecode.swift; path = Contact.swift; sourceTree = "<group>"; };
		770F11FE2E67647D004D78C8 /* ContactsService.swift */ = {isa = PBXFileReference; lastKnownFileType = sourcecode.swift; path = ContactsService.swift; sourceTree = "<group>"; };
		770F12002E676FF2004D78C8 /* BackgroundColorConfigView.swift */ = {isa = PBXFileReference; lastKnownFileType = sourcecode.swift; path = BackgroundColorConfigView.swift; sourceTree = "<group>"; };
		770F12022E677104004D78C8 /* ThemePersistence.swift */ = {isa = PBXFileReference; lastKnownFileType = sourcecode.swift; path = ThemePersistence.swift; sourceTree = "<group>"; };
		770F12172E677FD4004D78C8 /* SettingsOptionRow.swift */ = {isa = PBXFileReference; lastKnownFileType = sourcecode.swift; path = SettingsOptionRow.swift; sourceTree = "<group>"; };
		770F12192E678220004D78C8 /* ThemedHeader.swift */ = {isa = PBXFileReference; lastKnownFileType = sourcecode.swift; path = ThemedHeader.swift; sourceTree = "<group>"; };
		770F121B2E6782F7004D78C8 /* BannerView.swift */ = {isa = PBXFileReference; lastKnownFileType = sourcecode.swift; path = BannerView.swift; sourceTree = "<group>"; };
		770F121D2E6A2126004D78C8 /* ThemedHeaderTitle.swift */ = {isa = PBXFileReference; lastKnownFileType = sourcecode.swift; path = ThemedHeaderTitle.swift; sourceTree = "<group>"; };
		770F12252E6B5ACA004D78C8 /* ColoredSlider.swift */ = {isa = PBXFileReference; lastKnownFileType = sourcecode.swift; path = ColoredSlider.swift; sourceTree = "<group>"; };
		770F12272E6B619C004D78C8 /* AppContainerView.swift */ = {isa = PBXFileReference; lastKnownFileType = sourcecode.swift; path = AppContainerView.swift; sourceTree = "<group>"; };
		770F12292E6B7FD0004D78C8 /* NavigationCoordinator.swift */ = {isa = PBXFileReference; lastKnownFileType = sourcecode.swift; path = NavigationCoordinator.swift; sourceTree = "<group>"; };
		771403752E70875B0007B9DE /* ThemeDefautlView.swift */ = {isa = PBXFileReference; lastKnownFileType = sourcecode.swift; path = ThemeDefautlView.swift; sourceTree = "<group>"; };
		7714038E2E71F13F0007B9DE /* Theme.swift */ = {isa = PBXFileReference; lastKnownFileType = sourcecode.swift; path = Theme.swift; sourceTree = "<group>"; };
		771403902E74B9F50007B9DE /* ThemeOverrideDiskStore.swift */ = {isa = PBXFileReference; lastKnownFileType = sourcecode.swift; path = ThemeOverrideDiskStore.swift; sourceTree = "<group>"; };
		771403922E7541BB0007B9DE /* FileStorageService.swift */ = {isa = PBXFileReference; lastKnownFileType = sourcecode.swift; path = FileStorageService.swift; sourceTree = "<group>"; };
		77350EC22E624BFE00491B6D /* ThemeStyles.swift */ = {isa = PBXFileReference; lastKnownFileType = sourcecode.swift; path = ThemeStyles.swift; sourceTree = "<group>"; };
		77350EC42E624DDF00491B6D /* ThemeConfigView.swift */ = {isa = PBXFileReference; lastKnownFileType = sourcecode.swift; path = ThemeConfigView.swift; sourceTree = "<group>"; };
		77350ECA2E62673400491B6D /* SettingsMenuView.swift */ = {isa = PBXFileReference; lastKnownFileType = sourcecode.swift; path = SettingsMenuView.swift; sourceTree = "<group>"; };
		77350ECE2E626B2D00491B6D /* ThemedBottomBar.swift */ = {isa = PBXFileReference; lastKnownFileType = sourcecode.swift; path = ThemedBottomBar.swift; sourceTree = "<group>"; };
		77855A092E620F3000B5B80F /* Aetherion.app */ = {isa = PBXFileReference; explicitFileType = wrapper.application; includeInIndex = 0; path = Aetherion.app; sourceTree = BUILT_PRODUCTS_DIR; };
		77855A0A2E620F7900B5B80F /* AetherionApp.swift */ = {isa = PBXFileReference; lastKnownFileType = sourcecode.swift; path = AetherionApp.swift; sourceTree = "<group>"; };
		77855A0C2E620F7900B5B80F /* Asset.swift */ = {isa = PBXFileReference; lastKnownFileType = sourcecode.swift; path = Asset.swift; sourceTree = "<group>"; };
		77855A0E2E620F7900B5B80F /* StorageService.swift */ = {isa = PBXFileReference; lastKnownFileType = sourcecode.swift; path = StorageService.swift; sourceTree = "<group>"; };
		77855A122E620F7900B5B80F /* HomeView.swift */ = {isa = PBXFileReference; lastKnownFileType = sourcecode.swift; path = HomeView.swift; sourceTree = "<group>"; };
		77855A132E620F7900B5B80F /* HomeViewModel.swift */ = {isa = PBXFileReference; lastKnownFileType = sourcecode.swift; path = HomeViewModel.swift; sourceTree = "<group>"; };
		77855A152E620F7900B5B80F /* OnboardingView.swift */ = {isa = PBXFileReference; lastKnownFileType = sourcecode.swift; path = OnboardingView.swift; sourceTree = "<group>"; };
		77855A162E620F7900B5B80F /* OnboardingViewModel.swift */ = {isa = PBXFileReference; lastKnownFileType = sourcecode.swift; path = OnboardingViewModel.swift; sourceTree = "<group>"; };
		77855A182E620F7900B5B80F /* SettingsView.swift */ = {isa = PBXFileReference; lastKnownFileType = sourcecode.swift; path = SettingsView.swift; sourceTree = "<group>"; };
		77855A1B2E620F7900B5B80F /* ShareView.swift */ = {isa = PBXFileReference; lastKnownFileType = sourcecode.swift; path = ShareView.swift; sourceTree = "<group>"; };
		77855A1C2E620F7900B5B80F /* ShareViewModel.swift */ = {isa = PBXFileReference; lastKnownFileType = sourcecode.swift; path = ShareViewModel.swift; sourceTree = "<group>"; };
		77855A1E2E620F7900B5B80F /* VaultView.swift */ = {isa = PBXFileReference; lastKnownFileType = sourcecode.swift; path = VaultView.swift; sourceTree = "<group>"; };
		77855A1F2E620F7900B5B80F /* VaultViewModel.swift */ = {isa = PBXFileReference; lastKnownFileType = sourcecode.swift; path = VaultViewModel.swift; sourceTree = "<group>"; };
		77855A232E620F7900B5B80F /* PrimaryButton.swift */ = {isa = PBXFileReference; lastKnownFileType = sourcecode.swift; path = PrimaryButton.swift; sourceTree = "<group>"; };
		77855A502E6228AF00B5B80F /* fr */ = {isa = PBXFileReference; lastKnownFileType = text.plist.strings; name = fr; path = fr.lproj/Localizable.strings; sourceTree = "<group>"; };
		77855A512E6228AF00B5B80F /* en */ = {isa = PBXFileReference; lastKnownFileType = text.plist.strings; name = en; path = en.lproj/Localizable.strings; sourceTree = "<group>"; };
		77855A542E6228AF00B5B80F /* Assets.xcassets */ = {isa = PBXFileReference; lastKnownFileType = folder.assetcatalog; path = Assets.xcassets; sourceTree = "<group>"; };
		77855A582E622ED500B5B80F /* DashboardViewModel.swift */ = {isa = PBXFileReference; lastKnownFileType = sourcecode.swift; path = DashboardViewModel.swift; sourceTree = "<group>"; };
		77855A5A2E622F1F00B5B80F /* DashboardView.swift */ = {isa = PBXFileReference; lastKnownFileType = sourcecode.swift; path = DashboardView.swift; sourceTree = "<group>"; };
		77A2FC612E6D6FAA005735FF /* FontCoding.swift */ = {isa = PBXFileReference; lastKnownFileType = sourcecode.swift; path = FontCoding.swift; sourceTree = "<group>"; };
		77A2FC672E6D7269005735FF /* ThemeCatalog+List.swift */ = {isa = PBXFileReference; lastKnownFileType = sourcecode.swift; path = "ThemeCatalog+List.swift"; sourceTree = "<group>"; };
		77F2F0C02E6290A700B7D5FF /* AeTheme.swift */ = {isa = PBXFileReference; lastKnownFileType = sourcecode.swift; path = AeTheme.swift; sourceTree = "<group>"; };
/* End PBXFileReference section */

/* Begin PBXFileSystemSynchronizedRootGroup section */
		770F11F72E67625F004D78C8 /* Contacts */ = {
			isa = PBXFileSystemSynchronizedRootGroup;
			path = Contacts;
			sourceTree = "<group>";
		};
		770F121F2E6A24C6004D78C8 /* Navigation */ = {
			isa = PBXFileSystemSynchronizedRootGroup;
			path = Navigation;
			sourceTree = "<group>";
		};
		771403932E75452B0007B9DE /* Extensions */ = {
			isa = PBXFileSystemSynchronizedRootGroup;
			path = Extensions;
			sourceTree = "<group>";
		};
		77A2FC502E6D6B2C005735FF /* Themes */ = {
			isa = PBXFileSystemSynchronizedRootGroup;
			path = Themes;
			sourceTree = "<group>";
		};
/* End PBXFileSystemSynchronizedRootGroup section */

/* Begin PBXFrameworksBuildPhase section */
		7741F0512E60E2F2001B7800 /* Frameworks */ = {
			isa = PBXFrameworksBuildPhase;
			buildActionMask = 2147483647;
			files = (
				77A36CD22E60F057005C2D20 /* Algorithms in Frameworks */,
				77A36CCF2E60F04B005C2D20 /* ZIPFoundation in Frameworks */,
			);
			runOnlyForDeploymentPostprocessing = 0;
		};
/* End PBXFrameworksBuildPhase section */

/* Begin PBXGroup section */
		7741F04B2E60E2F2001B7800 = {
			isa = PBXGroup;
			children = (
				77855A092E620F3000B5B80F /* Aetherion.app */,
				77855A262E620F7900B5B80F /* Aetherion */,
			);
			sourceTree = "<group>";
		};
		77855A0B2E620F7900B5B80F /* App */ = {
			isa = PBXGroup;
			children = (
				770F12292E6B7FD0004D78C8 /* NavigationCoordinator.swift */,
				770F12272E6B619C004D78C8 /* AppContainerView.swift */,
				77855A0A2E620F7900B5B80F /* AetherionApp.swift */,
			);
			path = App;
			sourceTree = "<group>";
		};
		77855A0D2E620F7900B5B80F /* Models */ = {
			isa = PBXGroup;
			children = (
				770F11F52E6761FA004D78C8 /* Contact.swift */,
				77855A0C2E620F7900B5B80F /* Asset.swift */,
			);
			path = Models;
			sourceTree = "<group>";
		};
		77855A0F2E620F7900B5B80F /* Services */ = {
			isa = PBXGroup;
			children = (
				771403922E7541BB0007B9DE /* FileStorageService.swift */,
				771403902E74B9F50007B9DE /* ThemeOverrideDiskStore.swift */,
				770F12022E677104004D78C8 /* ThemePersistence.swift */,
				770F11FE2E67647D004D78C8 /* ContactsService.swift */,
				77F2F0C02E6290A700B7D5FF /* AeTheme.swift */,
				77855A0E2E620F7900B5B80F /* StorageService.swift */,
			);
			path = Services;
			sourceTree = "<group>";
		};
		77855A112E620F7900B5B80F /* Core */ = {
			isa = PBXGroup;
			children = (
				771403932E75452B0007B9DE /* Extensions */,
				77855A0D2E620F7900B5B80F /* Models */,
				77855A0F2E620F7900B5B80F /* Services */,
			);
			path = Core;
			sourceTree = "<group>";
		};
		77855A142E620F7900B5B80F /* Home */ = {
			isa = PBXGroup;
			children = (
				77855A5A2E622F1F00B5B80F /* DashboardView.swift */,
				77855A582E622ED500B5B80F /* DashboardViewModel.swift */,
				77855A122E620F7900B5B80F /* HomeView.swift */,
				77855A132E620F7900B5B80F /* HomeViewModel.swift */,
			);
			path = Home;
			sourceTree = "<group>";
		};
		77855A172E620F7900B5B80F /* Onboarding */ = {
			isa = PBXGroup;
			children = (
				77855A152E620F7900B5B80F /* OnboardingView.swift */,
				77855A162E620F7900B5B80F /* OnboardingViewModel.swift */,
			);
			path = Onboarding;
			sourceTree = "<group>";
		};
		77855A1A2E620F7900B5B80F /* Settings */ = {
			isa = PBXGroup;
			children = (
				771403752E70875B0007B9DE /* ThemeDefautlView.swift */,
				770F12002E676FF2004D78C8 /* BackgroundColorConfigView.swift */,
				77350ECA2E62673400491B6D /* SettingsMenuView.swift */,
				77350EC42E624DDF00491B6D /* ThemeConfigView.swift */,
				77855A182E620F7900B5B80F /* SettingsView.swift */,
			);
			path = Settings;
			sourceTree = "<group>";
		};
		77855A1D2E620F7900B5B80F /* Share */ = {
			isa = PBXGroup;
			children = (
				77855A1B2E620F7900B5B80F /* ShareView.swift */,
				77855A1C2E620F7900B5B80F /* ShareViewModel.swift */,
			);
			path = Share;
			sourceTree = "<group>";
		};
		77855A202E620F7900B5B80F /* Vault */ = {
			isa = PBXGroup;
			children = (
				77855A1E2E620F7900B5B80F /* VaultView.swift */,
				77855A1F2E620F7900B5B80F /* VaultViewModel.swift */,
			);
			path = Vault;
			sourceTree = "<group>";
		};
		77855A212E620F7900B5B80F /* Features */ = {
			isa = PBXGroup;
			children = (
				770F11F72E67625F004D78C8 /* Contacts */,
				77855A142E620F7900B5B80F /* Home */,
				77855A172E620F7900B5B80F /* Onboarding */,
				77855A1A2E620F7900B5B80F /* Settings */,
				77855A1D2E620F7900B5B80F /* Share */,
				77855A202E620F7900B5B80F /* Vault */,
			);
			path = Features;
			sourceTree = "<group>";
		};
		77855A242E620F7900B5B80F /* Components */ = {
			isa = PBXGroup;
			children = (
				770F12252E6B5ACA004D78C8 /* ColoredSlider.swift */,
				770F121D2E6A2126004D78C8 /* ThemedHeaderTitle.swift */,
				770F121B2E6782F7004D78C8 /* BannerView.swift */,
				770F12192E678220004D78C8 /* ThemedHeader.swift */,
				770F12172E677FD4004D78C8 /* SettingsOptionRow.swift */,
				770F11F02E62E300004D78C8 /* SettingsRow.swift */,
				770F11EE2E62E083004D78C8 /* ThemedCard.swift */,
				77350ECE2E626B2D00491B6D /* ThemedBottomBar.swift */,
				77855A232E620F7900B5B80F /* PrimaryButton.swift */,
			);
			path = Components;
			sourceTree = "<group>";
		};
		77855A252E620F7900B5B80F /* UI */ = {
			isa = PBXGroup;
			children = (
				770F121F2E6A24C6004D78C8 /* Navigation */,
				77855A242E620F7900B5B80F /* Components */,
				77855A442E6222C800B5B80F /* Theme */,
			);
			path = UI;
			sourceTree = "<group>";
		};
		77855A262E620F7900B5B80F /* Aetherion */ = {
			isa = PBXGroup;
			children = (
				77855A0B2E620F7900B5B80F /* App */,
				77855A112E620F7900B5B80F /* Core */,
				77855A212E620F7900B5B80F /* Features */,
				77855A552E6228AF00B5B80F /* Resources */,
				77855A252E620F7900B5B80F /* UI */,
			);
			path = Aetherion;
			sourceTree = "<group>";
		};
		77855A442E6222C800B5B80F /* Theme */ = {
			isa = PBXGroup;
			children = (
				7714038E2E71F13F0007B9DE /* Theme.swift */,
				77A2FC672E6D7269005735FF /* ThemeCatalog+List.swift */,
				77A2FC612E6D6FAA005735FF /* FontCoding.swift */,
				770F11EC2E62DFB4004D78C8 /* ThemedModifiers.swift */,
				770F11EA2E62DF6F004D78C8 /* ThemeManager.swift */,
				77350EC22E624BFE00491B6D /* ThemeStyles.swift */,
			);
			path = Theme;
			sourceTree = "<group>";
		};
		77855A532E6228AF00B5B80F /* Localization */ = {
			isa = PBXGroup;
			children = (
				77855A522E6228AF00B5B80F /* Localizable.strings */,
			);
			path = Localization;
			sourceTree = "<group>";
		};
		77855A552E6228AF00B5B80F /* Resources */ = {
			isa = PBXGroup;
			children = (
				77A2FC502E6D6B2C005735FF /* Themes */,
				77855A532E6228AF00B5B80F /* Localization */,
				77855A542E6228AF00B5B80F /* Assets.xcassets */,
			);
			path = Resources;
			sourceTree = "<group>";
		};
/* End PBXGroup section */

/* Begin PBXNativeTarget section */
		7741F0532E60E2F2001B7800 /* Aetherion */ = {
			isa = PBXNativeTarget;
			buildConfigurationList = 7741F05F2E60E2F3001B7800 /* Build configuration list for PBXNativeTarget "Aetherion" */;
			buildPhases = (
				7741F0502E60E2F2001B7800 /* Sources */,
				7741F0512E60E2F2001B7800 /* Frameworks */,
				7741F0522E60E2F2001B7800 /* Resources */,
			);
			buildRules = (
			);
			dependencies = (
			);
			fileSystemSynchronizedGroups = (
				770F11F72E67625F004D78C8 /* Contacts */,
				770F121F2E6A24C6004D78C8 /* Navigation */,
				771403932E75452B0007B9DE /* Extensions */,
				77A2FC502E6D6B2C005735FF /* Themes */,
			);
			name = Aetherion;
			packageProductDependencies = (
				77A36CCE2E60F04B005C2D20 /* ZIPFoundation */,
				77A36CD12E60F057005C2D20 /* Algorithms */,
			);
			productName = Aetherion;
			productReference = 77855A092E620F3000B5B80F /* Aetherion.app */;
			productType = "com.apple.product-type.application";
		};
/* End PBXNativeTarget section */

/* Begin PBXProject section */
		7741F04C2E60E2F2001B7800 /* Project object */ = {
			isa = PBXProject;
			attributes = {
				BuildIndependentTargetsInParallel = 1;
				LastSwiftUpdateCheck = 1640;
				LastUpgradeCheck = 1640;
				TargetAttributes = {
					7741F0532E60E2F2001B7800 = {
						CreatedOnToolsVersion = 16.4;
					};
				};
			};
			buildConfigurationList = 7741F04F2E60E2F2001B7800 /* Build configuration list for PBXProject "Aetherion" */;
			developmentRegion = fr;
			hasScannedForEncodings = 0;
			knownRegions = (
				en,
				Base,
				fr,
			);
			mainGroup = 7741F04B2E60E2F2001B7800;
			minimizedProjectReferenceProxies = 1;
			packageReferences = (
				77A36CCD2E60F04B005C2D20 /* XCRemoteSwiftPackageReference "ZIPFoundation" */,
				77A36CD02E60F057005C2D20 /* XCRemoteSwiftPackageReference "swift-algorithms" */,
			);
			preferredProjectObjectVersion = 77;
			productRefGroup = 7741F04B2E60E2F2001B7800;
			projectDirPath = "";
			projectRoot = "";
			targets = (
				7741F0532E60E2F2001B7800 /* Aetherion */,
			);
		};
/* End PBXProject section */

/* Begin PBXResourcesBuildPhase section */
		7741F0522E60E2F2001B7800 /* Resources */ = {
			isa = PBXResourcesBuildPhase;
			buildActionMask = 2147483647;
			files = (
				77855A562E6228AF00B5B80F /* Localizable.strings in Resources */,
				77855A572E6228AF00B5B80F /* Assets.xcassets in Resources */,
			);
			runOnlyForDeploymentPostprocessing = 0;
		};
/* End PBXResourcesBuildPhase section */

/* Begin PBXSourcesBuildPhase section */
		7741F0502E60E2F2001B7800 /* Sources */ = {
			isa = PBXSourcesBuildPhase;
			buildActionMask = 2147483647;
			files = (
				770F11F62E676213004D78C8 /* Contact.swift in Sources */,
				770F12282E6B61A2004D78C8 /* AppContainerView.swift in Sources */,
				770F11EF2E62E092004D78C8 /* ThemedCard.swift in Sources */,
				77350ECB2E62674300491B6D /* SettingsMenuView.swift in Sources */,
				770F12012E677021004D78C8 /* BackgroundColorConfigView.swift in Sources */,
				770F11ED2E62DFBA004D78C8 /* ThemedModifiers.swift in Sources */,
				77855A272E620F7900B5B80F /* SettingsView.swift in Sources */,
				77855A5B2E622F2F00B5B80F /* DashboardView.swift in Sources */,
				77855A282E620F7900B5B80F /* ShareViewModel.swift in Sources */,
				770F12032E677113004D78C8 /* ThemePersistence.swift in Sources */,
				77855A292E620F7900B5B80F /* VaultViewModel.swift in Sources */,
				77350ECF2E626B3400491B6D /* ThemedBottomBar.swift in Sources */,
				77350EC52E624DF500491B6D /* ThemeConfigView.swift in Sources */,
				77855A2B2E620F7900B5B80F /* StorageService.swift in Sources */,
				77A2FC622E6D6FB1005735FF /* FontCoding.swift in Sources */,
				77855A2C2E620F7900B5B80F /* OnboardingViewModel.swift in Sources */,
				770F11EB2E62DF80004D78C8 /* ThemeManager.swift in Sources */,
				770F121A2E678229004D78C8 /* ThemedHeader.swift in Sources */,
				77855A592E622F0800B5B80F /* DashboardViewModel.swift in Sources */,
				77855A2D2E620F7900B5B80F /* PrimaryButton.swift in Sources */,
				770F12262E6B5AD8004D78C8 /* ColoredSlider.swift in Sources */,
				770F11F12E62E314004D78C8 /* SettingsRow.swift in Sources */,
				770F11FF2E67648B004D78C8 /* ContactsService.swift in Sources */,
				771403762E7087660007B9DE /* ThemeDefautlView.swift in Sources */,
				77855A2E2E620F7900B5B80F /* HomeViewModel.swift in Sources */,
				77855A2F2E620F7900B5B80F /* OnboardingView.swift in Sources */,
				770F12182E677FDA004D78C8 /* SettingsOptionRow.swift in Sources */,
				77F2F0C12E6290BC00B7D5FF /* AeTheme.swift in Sources */,
				77350EC32E624C0E00491B6D /* ThemeStyles.swift in Sources */,
				771403912E74BA020007B9DE /* ThemeOverrideDiskStore.swift in Sources */,
				770F122A2E6B7FE9004D78C8 /* NavigationCoordinator.swift in Sources */,
				77855A302E620F7900B5B80F /* Asset.swift in Sources */,
				770F121E2E6A2133004D78C8 /* ThemedHeaderTitle.swift in Sources */,
				7714038F2E71F13F0007B9DE /* Theme.swift in Sources */,
				77A2FC682E6D726C005735FF /* ThemeCatalog+List.swift in Sources */,
				77855A312E620F7900B5B80F /* HomeView.swift in Sources */,
				770F121C2E6782FD004D78C8 /* BannerView.swift in Sources */,
				77855A322E620F7900B5B80F /* AetherionApp.swift in Sources */,
				77855A332E620F7900B5B80F /* VaultView.swift in Sources */,
				77855A342E620F7900B5B80F /* ShareView.swift in Sources */,
			);
			runOnlyForDeploymentPostprocessing = 0;
		};
/* End PBXSourcesBuildPhase section */

/* Begin PBXVariantGroup section */
		77855A522E6228AF00B5B80F /* Localizable.strings */ = {
			isa = PBXVariantGroup;
			children = (
				77855A502E6228AF00B5B80F /* fr */,
				77855A512E6228AF00B5B80F /* en */,
			);
			name = Localizable.strings;
			sourceTree = "<group>";
		};
/* End PBXVariantGroup section */

/* Begin XCBuildConfiguration section */
		7741F05D2E60E2F3001B7800 /* Debug */ = {
			isa = XCBuildConfiguration;
			buildSettings = {
				ALWAYS_SEARCH_USER_PATHS = NO;
				ASSETCATALOG_COMPILER_GENERATE_SWIFT_ASSET_SYMBOL_EXTENSIONS = YES;
				CLANG_ANALYZER_NONNULL = YES;
				CLANG_ANALYZER_NUMBER_OBJECT_CONVERSION = YES_AGGRESSIVE;
				CLANG_CXX_LANGUAGE_STANDARD = "gnu++20";
				CLANG_ENABLE_MODULES = YES;
				CLANG_ENABLE_OBJC_ARC = YES;
				CLANG_ENABLE_OBJC_WEAK = YES;
				CLANG_WARN_BLOCK_CAPTURE_AUTORELEASING = YES;
				CLANG_WARN_BOOL_CONVERSION = YES;
				CLANG_WARN_COMMA = YES;
				CLANG_WARN_CONSTANT_CONVERSION = YES;
				CLANG_WARN_DEPRECATED_OBJC_IMPLEMENTATIONS = YES;
				CLANG_WARN_DIRECT_OBJC_ISA_USAGE = YES_ERROR;
				CLANG_WARN_DOCUMENTATION_COMMENTS = YES;
				CLANG_WARN_EMPTY_BODY = YES;
				CLANG_WARN_ENUM_CONVERSION = YES;
				CLANG_WARN_INFINITE_RECURSION = YES;
				CLANG_WARN_INT_CONVERSION = YES;
				CLANG_WARN_NON_LITERAL_NULL_CONVERSION = YES;
				CLANG_WARN_OBJC_IMPLICIT_RETAIN_SELF = YES;
				CLANG_WARN_OBJC_LITERAL_CONVERSION = YES;
				CLANG_WARN_OBJC_ROOT_CLASS = YES_ERROR;
				CLANG_WARN_QUOTED_INCLUDE_IN_FRAMEWORK_HEADER = YES;
				CLANG_WARN_RANGE_LOOP_ANALYSIS = YES;
				CLANG_WARN_STRICT_PROTOTYPES = YES;
				CLANG_WARN_SUSPICIOUS_MOVE = YES;
				CLANG_WARN_UNGUARDED_AVAILABILITY = YES_AGGRESSIVE;
				CLANG_WARN_UNREACHABLE_CODE = YES;
				CLANG_WARN__DUPLICATE_METHOD_MATCH = YES;
				COPY_PHASE_STRIP = NO;
				DEBUG_INFORMATION_FORMAT = dwarf;
				DEVELOPMENT_TEAM = RZ34BVV4QP;
				ENABLE_STRICT_OBJC_MSGSEND = YES;
				ENABLE_TESTABILITY = YES;
				ENABLE_USER_SCRIPT_SANDBOXING = YES;
				GCC_C_LANGUAGE_STANDARD = gnu17;
				GCC_DYNAMIC_NO_PIC = NO;
				GCC_NO_COMMON_BLOCKS = YES;
				GCC_OPTIMIZATION_LEVEL = 0;
				GCC_PREPROCESSOR_DEFINITIONS = (
					"DEBUG=1",
					"$(inherited)",
				);
				GCC_WARN_64_TO_32_BIT_CONVERSION = YES;
				GCC_WARN_ABOUT_RETURN_TYPE = YES_ERROR;
				GCC_WARN_UNDECLARED_SELECTOR = YES;
				GCC_WARN_UNINITIALIZED_AUTOS = YES_AGGRESSIVE;
				GCC_WARN_UNUSED_FUNCTION = YES;
				GCC_WARN_UNUSED_VARIABLE = YES;
				IPHONEOS_DEPLOYMENT_TARGET = 18.5;
				LOCALIZATION_PREFERS_STRING_CATALOGS = YES;
				MTL_ENABLE_DEBUG_INFO = INCLUDE_SOURCE;
				MTL_FAST_MATH = YES;
				ONLY_ACTIVE_ARCH = YES;
				SDKROOT = iphoneos;
				SWIFT_ACTIVE_COMPILATION_CONDITIONS = "DEBUG $(inherited)";
				SWIFT_OPTIMIZATION_LEVEL = "-Onone";
			};
			name = Debug;
		};
		7741F05E2E60E2F3001B7800 /* Release */ = {
			isa = XCBuildConfiguration;
			buildSettings = {
				ALWAYS_SEARCH_USER_PATHS = NO;
				ASSETCATALOG_COMPILER_GENERATE_SWIFT_ASSET_SYMBOL_EXTENSIONS = YES;
				CLANG_ANALYZER_NONNULL = YES;
				CLANG_ANALYZER_NUMBER_OBJECT_CONVERSION = YES_AGGRESSIVE;
				CLANG_CXX_LANGUAGE_STANDARD = "gnu++20";
				CLANG_ENABLE_MODULES = YES;
				CLANG_ENABLE_OBJC_ARC = YES;
				CLANG_ENABLE_OBJC_WEAK = YES;
				CLANG_WARN_BLOCK_CAPTURE_AUTORELEASING = YES;
				CLANG_WARN_BOOL_CONVERSION = YES;
				CLANG_WARN_COMMA = YES;
				CLANG_WARN_CONSTANT_CONVERSION = YES;
				CLANG_WARN_DEPRECATED_OBJC_IMPLEMENTATIONS = YES;
				CLANG_WARN_DIRECT_OBJC_ISA_USAGE = YES_ERROR;
				CLANG_WARN_DOCUMENTATION_COMMENTS = YES;
				CLANG_WARN_EMPTY_BODY = YES;
				CLANG_WARN_ENUM_CONVERSION = YES;
				CLANG_WARN_INFINITE_RECURSION = YES;
				CLANG_WARN_INT_CONVERSION = YES;
				CLANG_WARN_NON_LITERAL_NULL_CONVERSION = YES;
				CLANG_WARN_OBJC_IMPLICIT_RETAIN_SELF = YES;
				CLANG_WARN_OBJC_LITERAL_CONVERSION = YES;
				CLANG_WARN_OBJC_ROOT_CLASS = YES_ERROR;
				CLANG_WARN_QUOTED_INCLUDE_IN_FRAMEWORK_HEADER = YES;
				CLANG_WARN_RANGE_LOOP_ANALYSIS = YES;
				CLANG_WARN_STRICT_PROTOTYPES = YES;
				CLANG_WARN_SUSPICIOUS_MOVE = YES;
				CLANG_WARN_UNGUARDED_AVAILABILITY = YES_AGGRESSIVE;
				CLANG_WARN_UNREACHABLE_CODE = YES;
				CLANG_WARN__DUPLICATE_METHOD_MATCH = YES;
				COPY_PHASE_STRIP = NO;
				DEBUG_INFORMATION_FORMAT = "dwarf-with-dsym";
				DEVELOPMENT_TEAM = RZ34BVV4QP;
				ENABLE_NS_ASSERTIONS = NO;
				ENABLE_STRICT_OBJC_MSGSEND = YES;
				ENABLE_USER_SCRIPT_SANDBOXING = YES;
				GCC_C_LANGUAGE_STANDARD = gnu17;
				GCC_NO_COMMON_BLOCKS = YES;
				GCC_WARN_64_TO_32_BIT_CONVERSION = YES;
				GCC_WARN_ABOUT_RETURN_TYPE = YES_ERROR;
				GCC_WARN_UNDECLARED_SELECTOR = YES;
				GCC_WARN_UNINITIALIZED_AUTOS = YES_AGGRESSIVE;
				GCC_WARN_UNUSED_FUNCTION = YES;
				GCC_WARN_UNUSED_VARIABLE = YES;
				IPHONEOS_DEPLOYMENT_TARGET = 18.5;
				LOCALIZATION_PREFERS_STRING_CATALOGS = YES;
				MTL_ENABLE_DEBUG_INFO = NO;
				MTL_FAST_MATH = YES;
				SDKROOT = iphoneos;
				SWIFT_COMPILATION_MODE = wholemodule;
				VALIDATE_PRODUCT = YES;
			};
			name = Release;
		};
		7741F0602E60E2F3001B7800 /* Debug */ = {
			isa = XCBuildConfiguration;
			buildSettings = {
				ASSETCATALOG_COMPILER_APPICON_NAME = AppIcon;
				ASSETCATALOG_COMPILER_GLOBAL_ACCENT_COLOR_NAME = AccentColor;
				ASSETCATALOG_COMPILER_INCLUDE_ALL_APPICON_ASSETS = YES;
				CODE_SIGN_STYLE = Automatic;
				CURRENT_PROJECT_VERSION = 1;
				DEVELOPMENT_TEAM = RZ34BVV4QP;
				ENABLE_PREVIEWS = YES;
				GENERATE_INFOPLIST_FILE = YES;
				INFOPLIST_KEY_UIApplicationSceneManifest_Generation = YES;
				INFOPLIST_KEY_UIApplicationSupportsIndirectInputEvents = YES;
				INFOPLIST_KEY_UILaunchScreen_Generation = YES;
				INFOPLIST_KEY_UISupportedInterfaceOrientations_iPad = "UIInterfaceOrientationPortrait UIInterfaceOrientationPortraitUpsideDown UIInterfaceOrientationLandscapeLeft UIInterfaceOrientationLandscapeRight";
				INFOPLIST_KEY_UISupportedInterfaceOrientations_iPhone = "UIInterfaceOrientationPortrait UIInterfaceOrientationLandscapeLeft UIInterfaceOrientationLandscapeRight";
				LD_RUNPATH_SEARCH_PATHS = (
					"$(inherited)",
					"@executable_path/Frameworks",
				);
				MARKETING_VERSION = 1.0;
				PRODUCT_BUNDLE_IDENTIFIER = Aetherion.Aetherion;
				PRODUCT_NAME = "$(TARGET_NAME)";
				SWIFT_EMIT_LOC_STRINGS = YES;
				SWIFT_VERSION = 5.0;
				TARGETED_DEVICE_FAMILY = "1,2";
			};
			name = Debug;
		};
		7741F0612E60E2F3001B7800 /* Release */ = {
			isa = XCBuildConfiguration;
			buildSettings = {
				ASSETCATALOG_COMPILER_APPICON_NAME = AppIcon;
				ASSETCATALOG_COMPILER_GLOBAL_ACCENT_COLOR_NAME = AccentColor;
				ASSETCATALOG_COMPILER_INCLUDE_ALL_APPICON_ASSETS = YES;
				CODE_SIGN_STYLE = Automatic;
				CURRENT_PROJECT_VERSION = 1;
				DEVELOPMENT_TEAM = RZ34BVV4QP;
				ENABLE_PREVIEWS = YES;
				GENERATE_INFOPLIST_FILE = YES;
				INFOPLIST_KEY_UIApplicationSceneManifest_Generation = YES;
				INFOPLIST_KEY_UIApplicationSupportsIndirectInputEvents = YES;
				INFOPLIST_KEY_UILaunchScreen_Generation = YES;
				INFOPLIST_KEY_UISupportedInterfaceOrientations_iPad = "UIInterfaceOrientationPortrait UIInterfaceOrientationPortraitUpsideDown UIInterfaceOrientationLandscapeLeft UIInterfaceOrientationLandscapeRight";
				INFOPLIST_KEY_UISupportedInterfaceOrientations_iPhone = "UIInterfaceOrientationPortrait UIInterfaceOrientationLandscapeLeft UIInterfaceOrientationLandscapeRight";
				LD_RUNPATH_SEARCH_PATHS = (
					"$(inherited)",
					"@executable_path/Frameworks",
				);
				MARKETING_VERSION = 1.0;
				PRODUCT_BUNDLE_IDENTIFIER = Aetherion.Aetherion;
				PRODUCT_NAME = "$(TARGET_NAME)";
				SWIFT_EMIT_LOC_STRINGS = YES;
				SWIFT_VERSION = 5.0;
				TARGETED_DEVICE_FAMILY = "1,2";
			};
			name = Release;
		};
/* End XCBuildConfiguration section */

/* Begin XCConfigurationList section */
		7741F04F2E60E2F2001B7800 /* Build configuration list for PBXProject "Aetherion" */ = {
			isa = XCConfigurationList;
			buildConfigurations = (
				7741F05D2E60E2F3001B7800 /* Debug */,
				7741F05E2E60E2F3001B7800 /* Release */,
			);
			defaultConfigurationIsVisible = 0;
			defaultConfigurationName = Release;
		};
		7741F05F2E60E2F3001B7800 /* Build configuration list for PBXNativeTarget "Aetherion" */ = {
			isa = XCConfigurationList;
			buildConfigurations = (
				7741F0602E60E2F3001B7800 /* Debug */,
				7741F0612E60E2F3001B7800 /* Release */,
			);
			defaultConfigurationIsVisible = 0;
			defaultConfigurationName = Release;
		};
/* End XCConfigurationList section */

/* Begin XCRemoteSwiftPackageReference section */
		77A36CCD2E60F04B005C2D20 /* XCRemoteSwiftPackageReference "ZIPFoundation" */ = {
			isa = XCRemoteSwiftPackageReference;
			repositoryURL = "https://github.com/weichsel/ZIPFoundation";
			requirement = {
				kind = upToNextMajorVersion;
				minimumVersion = 0.9.19;
			};
		};
		77A36CD02E60F057005C2D20 /* XCRemoteSwiftPackageReference "swift-algorithms" */ = {
			isa = XCRemoteSwiftPackageReference;
			repositoryURL = "https://github.com/apple/swift-algorithms.git";
			requirement = {
				kind = upToNextMajorVersion;
				minimumVersion = 1.2.1;
			};
		};
/* End XCRemoteSwiftPackageReference section */

/* Begin XCSwiftPackageProductDependency section */
		77A36CCE2E60F04B005C2D20 /* ZIPFoundation */ = {
			isa = XCSwiftPackageProductDependency;
			package = 77A36CCD2E60F04B005C2D20 /* XCRemoteSwiftPackageReference "ZIPFoundation" */;
			productName = ZIPFoundation;
		};
		77A36CD12E60F057005C2D20 /* Algorithms */ = {
			isa = XCSwiftPackageProductDependency;
			package = 77A36CD02E60F057005C2D20 /* XCRemoteSwiftPackageReference "swift-algorithms" */;
			productName = Algorithms;
		};
/* End XCSwiftPackageProductDependency section */
	};
	rootObject = 7741F04C2E60E2F2001B7800 /* Project object */;
}
